#MicroXplorer Configuration settings - do not modify
PF7.GPIOParameters=GPIO_Label
PD7.Mode=NorPsramChipSelect1_1
PG8.GPIO_ModeDefaultOutputPP=GPIO_MODE_OUTPUT_OD
PC7.GPIOParameters=GPIO_Label
USART2.IPParameters=VirtualMode
SH.FSMC_D1_DA1.0=FSMC_D1,16b-d1
PE11.GPIOParameters=GPIO_Label
PB10.Mode=I2C
PC12.Locked=true
PG8.Signal=GPIO_Output
PG4.Signal=GPIO_Input
PG4.Locked=true
PG8.Locked=true
RCC.PLLCLKFreq_Value=72000000
PG0.Locked=true
PC12.Signal=SDIO_CK
PG6.GPIO_Label=QSPI_BK1_NCS [N25Q128A13EF840F_S]
PA14.GPIO_Label=SWCLK
SH.FSMC_NWE.0=FSMC_NWE,Lcd1
RCC.PLLQCLKFreq_Value=48000000
PG0.Signal=GPIO_Input
PC7.Locked=true
PD3.GPIOParameters=GPIO_Label
I2S3.IPParameters=FullDuplexMode,RealAudioFreq,ErrorAudioFreq,AudioFreq,Instance,VirtualMode
PD8.Locked=true
USB_HOST0.BSP.condition=
SDIO.WideMode=SDIO_BUS_WIDE_4B
RCC.RTCFreq_Value=32000
PA3.GPIOParameters=GPIO_Label
PB6.GPIO_Label=I2C1_SCL [WM8994ECS/R_SCLK]
PD0.Locked=true
PD4.Locked=true
PD2.GPIOParameters=GPIO_Label
PG6.Mode=Single Bank 1
PA2.GPIOParameters=GPIO_Label
PG2.GPIOParameters=GPIO_Label
PinOutPanel.RotationAngle=0
PF6.GPIO_Label=QSPI_BK1_IO3 [N25Q128A13EF840F_DQ3]
RCC.SYSCLKSource=RCC_SYSCLKSOURCE_PLLCLK
PE1.GPIO_ModeDefaultOutputPP=GPIO_MODE_OUTPUT_OD
NVIC.SVCall_IRQn=true\:0\:0\:false\:false\:true\:true\:false
PD15.GPIOParameters=GPIO_Label
PA4.Mode=Full_Duplex_Master
PF7.Signal=QUADSPI_BK1_IO2
VP_FATFS_VS_SDIO.Signal=FATFS_VS_SDIO
PD4.Signal=FSMC_NOE
RCC.APB2TimFreq_Value=72000000
SDIO.IPParameters=WideMode
PB6.Signal=I2C1_SCL
PC7.Signal=I2S3_MCK
USB_HOST0.BSP.component=
PB6.Mode=I2C
PD0.Signal=FSMC_D2_DA2
PD8.Signal=FSMC_D13_DA13
PE10.Locked=true
PE1.Signal=GPIO_Output
PE14.Locked=true
SH.FSMC_D4_DA4.ConfNb=1
ProjectManager.ProjectBuild=false
NVIC.UsageFault_IRQn=true\:0\:0\:false\:false\:true\:true\:false
PA0.Locked=true
USB_OTG_FS.phy_itface=HCD_PHY_EMBEDDED
PB2.Signal=QUADSPI_CLK
PA8.Locked=true
PA4.Locked=true
PD1.GPIOParameters=GPIO_Label
PD1.GPIO_Label=D3
PB12.GPIO_Label=CODEC_I2S3_SCK [WM8994ECS/R_BCLK1]
PG1.GPIOParameters=GPIO_Label
ProjectManager.FirmwarePackage=STM32Cube FW_F4 V1.25.0
MxDb.Version=DB.5.0.60
PF12.GPIO_Label=CTP_RST
PE15.Locked=true
I2S3.ErrorAudioFreq=1.72 %
PE0.GPIOParameters=GPIO_Label,GPIO_ModeDefaultOutputPP
SH.FSMC_NOE.ConfNb=1
ProjectManager.BackupPrevious=false
SH.FSMC_D10_DA10.0=FSMC_D10,16b-d1
PE9.Signal=FSMC_D6_DA6
SH.FSMC_A0.0=FSMC_A0,A0_1
PE9.Locked=true
PB1.GPIO_Label=DFSDM_DATIN0 [MP34DT01TR_DOUT]
PG4.GPIO_Label=LCD_TE
PE4.GPIO_Label=DFSDM_DATIN3 [MP23DB01MM_DOUT]
PC9.Mode=SD_4_bits_Wide_bus
PE2.Signal=GPIO_Output
PF8.Mode=Single Bank 1
PA8.Signal=RCC_MCO_1
RCC.PLLRCLKFreq_Value=72000000
PE1.Locked=true
PB6.Locked=true
NVIC.PendSV_IRQn=true\:0\:0\:false\:false\:true\:true\:false
PE10.Signal=FSMC_D7_DA7
SH.FSMC_D5_DA5.0=FSMC_D5,16b-d1
RCC.PLLI2SoutputFreq_Value=50000000
ProjectManager.HalAssertFull=false
PA0.Signal=GPXTI0
SH.FSMC_A0.ConfNb=1
RCC.MCO2PinFreq_Value=72000000
PC8.GPIOParameters=GPIO_Label
Mcu.Package=LQFP144
PB9.Signal=I2C2_SDA
PB1.Signal=S_DATAIN0DFSDM1
PF8.GPIOParameters=GPIO_Label
SH.FSMC_D15_DA15.ConfNb=1
RCC.I2S2Freq_Value=50000000
PD11.Locked=true
PG5.GPIOParameters=GPIO_Label
PE10.GPIOParameters=GPIO_Label
PA14.Locked=true
PD5.GPIOParameters=GPIO_Label
SH.FSMC_D14_DA14.ConfNb=1
VP_SYS_VS_Systick.Signal=SYS_VS_Systick
PA10.Signal=USB_OTG_FS_ID
PE12.GPIO_Label=D9
RCC.DFSDMFreq_Value=72000000
PF7.Locked=true
PC11.Mode=SD_4_bits_Wide_bus
SH.FSMC_D3_DA3.0=FSMC_D3,16b-d1
PF14.Signal=GPIO_Input
RCC.APB1TimFreq_Value=72000000
NVIC.BusFault_IRQn=true\:0\:0\:false\:false\:true\:true\:false
USB_OTG_FS.IPParameters=phy_itface,VirtualMode
PB10.GPIOParameters=GPIO_Label
RCC.PLLI2SQoutputFreq_Value=50000000
RCC.DFSDMAudioFreq_Value=50000000
PE10.GPIO_Label=D7
PD5.Locked=true
PA4.GPIO_Label=CODEC_I2S3_WS [WM8994ECS/R_LRCLK1]
SH.FSMC_D7_DA7.ConfNb=1
PD15.Signal=FSMC_D1_DA1
ProjectManager.CustomerFirmwarePackage=
Mcu.Pin80=VP_USB_HOST_VS_USB_HOST_CDC_FS
I2S3.FullDuplexMode=I2S_FULLDUPLEXMODE_ENABLE
RCC.PLLQoutputFreq_Value=48000000
ProjectManager.ProjectFileName=stm32_disco_blink.ioc
Mcu.Pin79=VP_SYS_VS_Systick
PD9.GPIO_Label=D14
Mcu.PinsNb=81
PC11.Locked=true
Mcu.Pin73=PB6
Mcu.Pin74=PB7
Mcu.Pin71=PB4
Mcu.Pin72=PB5
PG5.Locked=true
Mcu.Pin77=PE1
PG5.Signal=GPXTI5
Mcu.Pin78=VP_FATFS_VS_SDIO
Mcu.Pin75=PB9
PA9.GPIO_Label=USB_OTGFS_VBUS
SH.S_CKOUTDFSDM1.ConfNb=1
Mcu.Pin76=PE0
PD3.Signal=GPIO_Input
Mcu.Pin70=PB3
PH1\ -\ OSC_OUT.Mode=HSE-External-Clock-Source
PC2.Signal=S_CKOUTDFSDM1
PB11.GPIO_Label=M2_CKIN
PD7.Signal=FSMC_NE1
SH.GPXTI0.ConfNb=1
SH.FSMC_D8_DA8.ConfNb=1
PD1.Signal=FSMC_D3_DA3
PA11.GPIO_Label=USB_OTGFS_DM
SH.FSMC_D9_DA9.0=FSMC_D9,16b-d1
PF14.GPIO_Label=JOY_RIGHT [MT008-A_RIGHT]
Mcu.Pin68=PD5
Mcu.Pin69=PD7
RCC.APB1CLKDivider=RCC_HCLK_DIV2
PC14-OSC32_IN.Signal=RCC_OSC32_IN
PC11.GPIOParameters=GPIO_Label
Mcu.Pin62=PC12
Mcu.Pin63=PD0
Mcu.Pin60=PC10
PH1\ -\ OSC_OUT.Locked=true
Mcu.Pin61=PC11
Mcu.Pin66=PD3
Mcu.Pin67=PD4
Mcu.Pin64=PD1
Mcu.Pin65=PD2
SH.FSMC_D8_DA8.0=FSMC_D8,16b-d1
PF8.GPIO_Label=QSPI_BK1_IO0 [N25Q128A13EF840F_DQ0]
USB_HOST0.BSP.semaphore=
USB_HOST0.BSP.STBoard=false
PD10.Signal=FSMC_D15_DA15
PA3.Mode=Asynchronous
PA11.Locked=true
PA8.GPIO_Label=M2_CKIN
PC15-OSC32_OUT.Locked=true
Mcu.Pin59=PA14
SH.GPXTI2.ConfNb=1
Mcu.Pin57=PA12
Mcu.Pin58=PA13
PB11.Mode=Audio_ClockIn
SH.FSMC_D5_DA5.ConfNb=1
Mcu.Pin51=PC8
Mcu.Pin52=PC9
Mcu.Pin50=PC7
Mcu.Pin55=PA10
Mcu.Pin56=PA11
Mcu.Pin53=PA8
PE8.GPIO_Label=D5
Mcu.Pin54=PA9
PA9.Signal=USB_OTG_FS_VBUS
PB11.GPIOParameters=GPIO_Label
PB5.Locked=true
PB9.Locked=true
I2S3.VirtualMode=I2S_MODE_MASTER
RCC.VCOInputMFreq_Value=1562500
PD7.Locked=true
PE9.GPIO_Label=D6
Mcu.Pin48=PG7
Mcu.Pin49=PG8
Mcu.Pin46=PG5
Mcu.Pin47=PG6
PB10.Signal=I2C2_SCL
PG6.GPIOParameters=GPIO_Label
Mcu.Pin40=PD10
Mcu.Pin41=PD11
PE13.GPIOParameters=GPIO_Label
I2S3.AudioFreq=I2S_AUDIOFREQ_32K
Mcu.Pin44=PG2
PC12.Mode=SD_4_bits_Wide_bus
PH1\ -\ OSC_OUT.Signal=RCC_OSC_OUT
SH.FSMC_D7_DA7.0=FSMC_D7,16b-d1
Mcu.Pin45=PG4
Mcu.Pin42=PD14
Mcu.Pin43=PD15
PE1.GPIO_Label=LED2 [Orange]
ProjectManager.LastFirmware=true
USB_HOST.VirtualModeFS=Cdc
SH.FSMC_D3_DA3.ConfNb=1
PE14.Signal=FSMC_D11_DA11
PE15.Signal=FSMC_D12_DA12
Mcu.Pin37=PB12
PB4.GPIO_Label=CODEC_I2S3ext_SD [WM8994ECS/R_ACDAT1]
Mcu.Pin38=PD8
Mcu.Pin35=PB10
PE8.Signal=FSMC_D5_DA5
Mcu.Pin36=PB11
RCC.PLLI2SPCLKFreq_Value=50000000
Mcu.Pin39=PD9
PG7.GPIO_Label=USB_OTGFS_OVRCR [STMPS2141STR_FAULT]
RCC.RNGFreq_Value=48000000
PC2.GPIOParameters=GPIO_Label
Mcu.Pin30=PE11
PF11.Locked=true
PF12.Locked=true
Mcu.Pin33=PE14
Mcu.Pin34=PE15
Mcu.Pin31=PE12
Mcu.Pin32=PE13
SH.S_DATAIN0DFSDM1.0=DFSDM1_DATIN0
PA9.Locked=true
NVIC.NonMaskableInt_IRQn=true\:0\:0\:false\:false\:true\:true\:false
PC10.GPIOParameters=GPIO_Label
PE7.Locked=true
PA13.Mode=Serial_Wire
ProjectManager.FreePins=false
PC9.GPIOParameters=GPIO_Label
PF9.GPIOParameters=GPIO_Label
RCC.PLLI2SQCLKFreq_Value=50000000
Mcu.Pin26=PE7
Mcu.Pin27=PE8
RCC.RTCHSEDivFreq_Value=12500000
Mcu.Pin24=PG0
ProjectManager.UnderRoot=true
Mcu.Pin25=PG1
PE13.Locked=true
Mcu.Pin28=PE9
PC7.GPIO_Label=CODEC_I2S3_MCK [WM8994ECS/R_MCLK1]
Mcu.Pin29=PE10
PC8.Mode=SD_4_bits_Wide_bus
PB4.Locked=true
PA4.Signal=I2S3_WS
PD14.GPIOParameters=GPIO_Label
Mcu.Pin22=PF14
PB5.Signal=I2S3_SD
Mcu.Pin23=PF15
Mcu.Pin20=PF11
PA3.Locked=true
Mcu.Pin21=PF12
PE13.GPIO_Label=D10
PD10.Locked=true
PA10.Locked=true
NVIC.ForceEnableDMAVector=true
PE3.GPIO_ModeDefaultOutputPP=GPIO_MODE_OUTPUT_OD
PD11.Signal=GPIO_Output
PA14.GPIOParameters=GPIO_Label
NVIC.MemoryManagement_IRQn=true\:0\:0\:false\:false\:true\:true\:false
PC12.GPIO_Label=uSD_CLK
ProjectManager.CompilerOptimize=6
PD15.Locked=true
PA11.Signal=USB_OTG_FS_DM
SH.FSMC_D15_DA15.0=FSMC_D15,16b-d1
ProjectManager.HeapSize=0x200
Mcu.Pin15=PA2
PA0.GPIOParameters=GPIO_Label
NVIC.HardFault_IRQn=true\:0\:0\:false\:false\:true\:true\:false
Mcu.Pin16=PA3
Mcu.Pin13=PC2
PF8.Locked=true
Mcu.Pin14=PA0
Mcu.Pin19=PB2
PF6.Mode=Single Bank 1
ProjectManager.ComputerToolchain=false
PF9.Signal=QUADSPI_BK1_IO1
Mcu.Pin17=PA4
Mcu.Pin18=PB1
SH.FSMC_D1_DA1.ConfNb=1
USB_HOST.USBH_HandleTypeDef=hUsbHostFS
NVIC.PriorityGroup=NVIC_PRIORITYGROUP_4
Mcu.Pin11=PH0 - OSC_IN
PF0.GPIO_Label=A0
Mcu.Pin12=PH1 - OSC_OUT
PG0.GPIOParameters=GPIO_Label
PD0.GPIOParameters=GPIO_Label
Mcu.Pin10=PF9
PE3.Signal=GPIO_Output
PE2.Locked=true
RCC.PWRFreq_Value=72000000
PA8.Mode=Clock-out-1
PE12.GPIOParameters=GPIO_Label
I2S3.Instance=SPI$Index
PD2.Signal=SDIO_CMD
PD1.Locked=true
USB_HOST0.BSP.mode=Output
PB12.GPIOParameters=GPIO_Label
PG7.GPIOParameters=GPIO_Label
PD2.GPIO_Label=uSD_CMD
PD7.GPIOParameters=GPIO_Label
SH.FSMC_D10_DA10.ConfNb=1
Mcu.Family=STM32F4
ProjectManager.MainLocation=Src
SH.S_DATAIN3DFSDM1.ConfNb=1
RCC.CortexFreq_Value=72000000
PG6.Signal=QUADSPI_BK1_NCS
ProjectManager.KeepUserCode=true
Mcu.UserName=STM32F412ZGTx
PD9.GPIOParameters=GPIO_Label
PG2.Signal=GPXTI2
PE11.GPIO_Label=D8
PC10.Locked=true
PG6.Locked=true
PC10.Signal=SDIO_D2
PG2.Locked=true
PF0.GPIOParameters=GPIO_Label
PA0.GPIO_Label=JOY_SEL [MT008-A_CENTER]
PA12.GPIOParameters=GPIO_Label
ProjectManager.functionlistsort=1-MX_GPIO_Init-GPIO-false-HAL-true,2-SystemClock_Config-RCC-false-HAL-false,3-MX_FSMC_Init-FSMC-false-HAL-true,4-MX_I2C1_Init-I2C1-false-HAL-true,5-MX_I2C2_Init-I2C2-false-HAL-true,6-MX_I2S3_Init-I2S3-false-HAL-true,7-MX_QUADSPI_Init-QUADSPI-false-HAL-true,8-MX_SDIO_SD_Init-SDIO-false-HAL-true,9-MX_USART2_UART_Init-USART2-false-HAL-true,10-MX_USB_HOST_Init-USB_HOST-false-HAL-false
PA9.GPIOParameters=GPIO_Label
SH.FSMC_D0_DA0.0=FSMC_D0,16b-d1
PA11.GPIOParameters=GPIO_Label
PD0.GPIO_Label=D2
PA11.Mode=Host_Only
PC9.Locked=true
RCC.PLLI2SRCLKFreq_Value=50000000
PD2.Locked=true
PG5.GPIO_Label=CTP_INT
PB11.Signal=I2S_CKIN
PF12.GPIOParameters=GPIO_Label
ProjectManager.StackSize=0x400
PB5.GPIOParameters=GPIO_Label
SH.GPXTI2.0=GPIO_EXTI2
Mcu.IP4=NVIC
Mcu.IP5=QUADSPI
RCC.FCLKCortexFreq_Value=72000000
Mcu.IP2=I2C2
Mcu.IP3=I2S3
PB4.GPIOParameters=GPIO_Label
Mcu.IP0=FSMC
Mcu.IP1=I2C1
PA12.Signal=USB_OTG_FS_DP
PE4.GPIOParameters=GPIO_Label
Mcu.UserConstants=
PF9.Locked=true
PH0\ -\ OSC_IN.Signal=RCC_OSC_IN
PF5.Locked=true
PH0\ -\ OSC_IN.Locked=true
Mcu.ThirdPartyNb=0
RCC.SDIOFreq_Value=48000000
PD11.GPIO_Label=LCD_RESET
RCC.HCLKFreq_Value=72000000
Mcu.IPNb=12
RCC.I2SClocksFreq_Value=150000000
ProjectManager.PreviousToolchain=SW4STM32
RCC.VcooutputI2S=150000000
PF11.GPIO_Label=EXT_RESET
PG8.GPIOParameters=PinState,GPIO_Label,GPIO_ModeDefaultOutputPP
RCC.PLLRoutputFreq_Value=72000000
PF12.Signal=GPIO_Output
PD8.GPIOParameters=GPIO_Label
PA8.GPIOParameters=GPIO_Label
Mcu.Pin6=PF5
Mcu.Pin7=PF6
Mcu.Pin8=PF7
Mcu.Pin9=PF8
USB_HOST0.BSP.ip=GPIO
RCC.AHBFreq_Value=72000000
Mcu.Pin0=PE2
Mcu.Pin1=PE3
Mcu.Pin2=PE4
Mcu.Pin3=PC14-OSC32_IN
SH.FSMC_D12_DA12.ConfNb=1
Mcu.Pin4=PC15-OSC32_OUT
PD10.GPIOParameters=GPIO_Label
Mcu.Pin5=PF0
RCC.HSE_VALUE=8000000
NVIC.DebugMonitor_IRQn=true\:0\:0\:false\:false\:true\:true\:false
PE2.GPIO_ModeDefaultOutputPP=GPIO_MODE_OUTPUT_OD
Mcu.IP10=USB_HOST
NVIC.SysTick_IRQn=true\:0\:0\:false\:false\:true\:true\:true
SH.FSMC_D6_DA6.ConfNb=1
Mcu.IP11=USB_OTG_FS
PF9.Mode=Single Bank 1
PB4.Mode=Full_Duplex_Master
PE13.Signal=FSMC_D10_DA10
SH.FSMC_D14_DA14.0=FSMC_D14,16b-d1
PF7.GPIO_Label=QSPI_BK1_IO2 [N25Q128A13EF840F_DQ2]
PC14-OSC32_IN.Mode=LSE-External-Oscillator
RCC.VCOInputFreq_Value=2000000
PA14.Mode=Serial_Wire
PE8.Locked=true
PF11.Signal=GPIO_Output
SH.FSMC_D6_DA6.0=FSMC_D6,16b-d1
PC11.GPIO_Label=uSD_D3
PB5.Mode=Full_Duplex_Master
File.Version=6
PA10.GPIO_Label=USB_OTGFS_ID
PE3.GPIOParameters=GPIO_Label,GPIO_ModeDefaultOutputPP
SH.FSMC_D9_DA9.ConfNb=1
PB3.GPIOParameters=GPIO_Label
PE3.Locked=true
PB7.Signal=I2C1_SDA
PF11.GPIOParameters=GPIO_Label
USB_HOST0.BSP.i2creg=0
PE4.Signal=S_DATAIN3DFSDM1
PB6.GPIOParameters=GPIO_Label
ProjectManager.ProjectName=stm32_disco_blink
PH0\ -\ OSC_IN.GPIOParameters=GPIO_Label
PD7.GPIO_Label=FMC_NE1
SH.FSMC_D4_DA4.0=FSMC_D4,16b-d1
PA13.GPIOParameters=GPIO_Label
PB7.GPIO_Label=I2C1_SDA [WM8994ECS/R_SDA]
USB_HOST0.BSP.i2caddr=0
PB12.Mode=Full_Duplex_Master
USART2.VirtualMode=VM_ASYNC
PD5.GPIO_Label=FMC_NWE
NVIC.OTG_FS_IRQn=true\:0\:0\:false\:false\:true\:true\:true
ProjectManager.ToolChainLocation=
PA2.GPIO_Label=STLINK_RX [STLINK_U2_RX]
PD14.Locked=true
RCC.LSI_VALUE=32000
SH.FSMC_D13_DA13.0=FSMC_D13,16b-d1
SH.GPXTI0.0=GPIO_EXTI0
PF5.GPIO_Label=LCD_BLCTRL [STT5N2VH5_Gate]
SH.GPXTI5.ConfNb=1
USB_OTG_FS.VirtualMode=Host_Only
PF8.Signal=QUADSPI_BK1_IO0
PG0.GPIO_Label=JOY_UP [MT008-A_UP]
PE0.GPIO_Label=LED1 [Green]
PF5.Signal=GPIO_Output
USB_HOST0.BSP.name=Drive_VBUS_FS
PB5.GPIO_Label=CODEC_I2S3_SD [WM8994ECS/R_DACDAT1]
PG8.PinState=GPIO_PIN_SET
SH.FSMC_D2_DA2.0=FSMC_D2,16b-d1
SH.FSMC_NWE.ConfNb=1
PF0.Signal=FSMC_A0
PD3.GPIO_Label=uSD_DETECT
PE7.Signal=FSMC_D4_DA4
PF15.GPIOParameters=GPIO_Label
PE2.GPIO_Label=LED3 [Red]
PC2.GPIO_Label=DFSDM_CKOUT [MP34DT01TR_CLK]
PE12.Locked=true
PC14-OSC32_IN.Locked=true
SH.S_DATAIN0DFSDM1.ConfNb=1
PB3.Locked=true
PB4.Signal=I2S3_ext_SD
PG2.GPIO_Label=CODEC_INT [WM8994ECS/R_ADCLRCLK1/GPIO1]
PA3.Signal=USART2_RX
PA2.Locked=true
PB3.GPIO_Label=SWO
PC15-OSC32_OUT.Mode=LSE-External-Oscillator
USB_HOST.IPParameters=VirtualModeFS,USBH_HandleTypeDef
SH.GPXTI5.0=GPIO_EXTI5
PE8.GPIOParameters=GPIO_Label
PE0.GPIO_ModeDefaultOutputPP=GPIO_MODE_OUTPUT_OD
SH.FSMC_D12_DA12.0=FSMC_D12,16b-d1
PD15.GPIO_Label=D1
PG7.Locked=true
PG7.Signal=GPIO_Input
PE14.GPIOParameters=GPIO_Label
PB9.GPIO_Label=I2C2_SDA
PC10.GPIO_Label=uSD_D2
PC9.GPIO_Label=uSD_D1
ProjectManager.NoMain=false
PG1.Signal=GPIO_Input
PG1.Locked=true
PC11.Signal=SDIO_D3
RCC.FMPI2C1Freq_Value=36000000
RCC.VCOI2SInputFreq_Value=2000000
PC8.Signal=SDIO_D0
USB_HOST0.BSP.solution=PG8
PC10.Mode=SD_4_bits_Wide_bus
USB_HOST.BSP.number=1
ProjectManager.DefaultFWLocation=true
PE14.GPIO_Label=D11
PD9.Signal=FSMC_D14_DA14
PD5.Signal=FSMC_NWE
SH.FSMC_D11_DA11.ConfNb=1
PB12.Locked=true
ProjectManager.DeletePrevious=true
PB10.Locked=true
boardIOC=true
PA12.GPIO_Label=USB_OTGFS_DP
RCC.FamilyName=M
PE9.GPIOParameters=GPIO_Label
PE15.GPIOParameters=GPIO_Label
PD8.GPIO_Label=D13
PB9.GPIOParameters=GPIO_Label
PG8.GPIO_Label=USB_OTGFS_PPWR_EN [STMPS2141STR_EN]
PC8.GPIO_Label=uSD_D0
PC12.GPIOParameters=GPIO_Label
PA13.Signal=SYS_JTMS-SWDIO
PF7.Mode=Single Bank 1
SH.FSMC_D13_DA13.ConfNb=1
PH0\ -\ OSC_IN.Mode=HSE-External-Clock-Source
PE15.GPIO_Label=D12
PF6.Signal=QUADSPI_BK1_IO3
ProjectManager.TargetToolchain=SW4STM32
PB10.GPIO_Label=I2C2_SCL
PE7.GPIOParameters=GPIO_Label
PF6.Locked=true
PB7.GPIOParameters=GPIO_Label
PF15.Locked=true
PB9.Mode=I2C
PB2.GPIOParameters=GPIO_Label
RCC.I2S1Freq_Value=50000000
PE4.Locked=true
PE2.GPIOParameters=GPIO_Label,GPIO_ModeDefaultOutputPP
PC2.Locked=true
PE0.Locked=true
RCC.USBFreq_Value=48000000
PF5.GPIOParameters=GPIO_Label
PF9.GPIO_Label=QSPI_BK1_IO1 [N25Q128A13EF840F_DQ1]
PD10.GPIO_Label=D15
PE11.Signal=FSMC_D8_DA8
PC15-OSC32_OUT.Signal=RCC_OSC32_OUT
PD3.Locked=true
PB1.Locked=true
RCC.VCOI2SOutputFreq_Value=100000000
PD2.Mode=SD_4_bits_Wide_bus
board=STM32F412G-DISCO
SH.FSMC_D0_DA0.ConfNb=1
RCC.VCOOutputFreq_Value=144000000
PG1.GPIO_Label=JOY_DOWN [MT008-A_DOWN]
PF14.GPIOParameters=GPIO_Label
PD11.GPIOParameters=GPIO_Label
RCC.APB2Freq_Value=72000000
USB_HOST0.BSP.api=Unknown
MxCube.Version=5.6.0
PG4.GPIOParameters=GPIO_Label
PD4.GPIO_Label=FMC_NOE
SH.S_CKOUTDFSDM1.0=DFSDM1_CKOUT
SH.S_DATAIN3DFSDM1.0=DFSDM1_DATIN3
PA10.GPIOParameters=GPIO_Label
PD4.GPIOParameters=GPIO_Label
VP_SYS_VS_Systick.Mode=SysTick
PF15.GPIO_Label=JOY_LEFT [MT008-A_LEFT]
PF15.Signal=GPIO_Input
PF14.Locked=true
PD14.GPIO_Label=D0
PA4.GPIOParameters=GPIO_Label
PF0.Locked=true
RCC.IPParameters=48MHZClocksFreq_Value,AHBFreq_Value,APB1CLKDivider,APB1Freq_Value,APB1TimFreq_Value,APB2Freq_Value,APB2TimFreq_Value,CortexFreq_Value,DFSDMAudioFreq_Value,DFSDMFreq_Value,FCLKCortexFreq_Value,FMPI2C1Freq_Value,FamilyName,HCLKFreq_Value,HSE_VALUE,HSI_VALUE,I2S1Freq_Value,I2S2Freq_Value,I2SClocksFreq_Value,LSI_VALUE,MCO2PinFreq_Value,PLLCLKFreq_Value,PLLI2SM,PLLI2SN,PLLI2SPCLKFreq_Value,PLLI2SQCLKFreq_Value,PLLI2SQoutputFreq_Value,PLLI2SRCLKFreq_Value,PLLI2SoutputFreq_Value,PLLM,PLLN,PLLQ,PLLQCLKFreq_Value,PLLQoutputFreq_Value,PLLRCLKFreq_Value,PLLRoutputFreq_Value,PWRFreq_Value,RNGFreq_Value,RTCFreq_Value,RTCHSEDivFreq_Value,SDIOFreq_Value,SYSCLKFreq_VALUE,SYSCLKSource,USBFreq_Value,VCOI2SInputFreq_Value,VCOI2SOutputFreq_Value,VCOInputFreq_Value,VCOInputMFreq_Value,VCOOutputFreq_Value,VcooutputI2S
PE11.Locked=true
ProjectManager.AskForMigrate=true
Mcu.Name=STM32F412Z(E-G)Tx
PE0.Signal=GPIO_Output
PE7.GPIO_Label=D4
PE12.Signal=FSMC_D9_DA9
PA2.Signal=USART2_TX
PA13.GPIO_Label=SWDIO
PB2.Locked=true
Mcu.IP8=SYS
Mcu.IP9=USART2
PD14.Signal=FSMC_D0_DA0
Mcu.IP6=RCC
Mcu.IP7=SDIO
ProjectManager.CoupleFile=false
RCC.48MHZClocksFreq_Value=48000000
PB3.Signal=SYS_JTDO-SWO
RCC.SYSCLKFreq_VALUE=72000000
VP_USB_HOST_VS_USB_HOST_CDC_FS.Signal=USB_HOST_VS_USB_HOST_CDC_FS
PA12.Mode=Host_Only
KeepUserPlacement=false
VP_USB_HOST_VS_USB_HOST_CDC_FS.Mode=CDC_FS
PA13.Locked=true
PB2.Mode=Single Bank 1
PB7.Mode=I2C
PA14.Signal=SYS_JTCK-SWCLK
PB2.GPIO_Label=QSPI_CLK [N25Q128A13EF840F_C]
PF6.GPIOParameters=GPIO_Label
SH.FSMC_D11_DA11.0=FSMC_D11,16b-d1
SH.FSMC_NOE.0=FSMC_NOE,Lcd1
SH.FSMC_D2_DA2.ConfNb=1
RCC.HSI_VALUE=16000000
RCC.PLLQ=3
I2S3.RealAudioFreq=32.552 KHz
RCC.PLLM=4
RCC.PLLN=72
PB7.Locked=true
PA2.Mode=Asynchronous
PE3.GPIO_Label=LED4 [Blue]
PC8.Locked=true
PH0\ -\ OSC_IN.GPIO_Label=STLK_MCO
PC9.Signal=SDIO_D1
PC7.Mode=Master_Clock_Activated
PD9.Locked=true
RCC.APB1Freq_Value=36000000
RCC.PLLI2SN=50
PB11.Locked=true
ProjectManager.DeviceId=STM32F412ZGTx
PB12.Signal=I2S3_CK
ProjectManager.LibraryCopy=1
PE1.GPIOParameters=GPIO_Label,GPIO_ModeDefaultOutputPP
PA3.GPIO_Label=STLINK_TX [STLINK_U2_TX]
RCC.PLLI2SM=4
PB1.GPIOParameters=GPIO_Label
USB_HOST0.BSP.instance=PG8
